
Microsoft Visual Studio Solution File, Format Version 12.00
# Visual Studio Version 16
VisualStudioVersion = 16.0.30011.22
MinimumVisualStudioVersion = 10.0.40219.1
Project("{9A19103F-16F7-4668-BE54-9A1E7A4F7556}") = "AppiumCSharp", "AppiumCSharp\AppiumCSharp.csproj", "{D06C8B2D-9ADF-4F97-AC77-4947032817CE}"
EndProject
Global
	GlobalSection(SolutionConfigurationPlatforms) = preSolution
		Android|Any CPU = Android|Any CPU
		Debug|Any CPU = Debug|Any CPU
		Release|Any CPU = Release|Any CPU
	EndGlobalSection
	GlobalSection(ProjectConfigurationPlatforms) = postSolution
		{D06C8B2D-9ADF-4F97-AC77-4947032817CE}.Android|Any CPU.ActiveCfg = Android|Any CPU
		{D06C8B2D-9ADF-4F97-AC77-4947032817CE}.Android|Any CPU.Build.0 = Android|Any CPU
		{D06C8B2D-9ADF-4F97-AC77-4947032817CE}.Debug|Any CPU.ActiveCfg = Debug|Any CPU
		{D06C8B2D-9ADF-4F97-AC77-4947032817CE}.Debug|Any CPU.Build.0 = Debug|Any CPU
		{D06C8B2D-9ADF-4F97-AC77-4947032817CE}.Release|Any CPU.ActiveCfg = Release|Any CPU
		{D06C8B2D-9ADF-4F97-AC77-4947032817CE}.Release|Any CPU.Build.0 = Release|Any CPU
	EndGlobalSection
	GlobalSection(SolutionProperties) = preSolution
		HideSolutionNode = FALSE
	EndGlobalSection
	GlobalSection(ExtensibilityGlobals) = postSolution
		SolutionGuid = {AE2CF82C-2F60-4864-A87E-6E2FE63AFA60}
	EndGlobalSection
EndGlobal
